<?xml version="1.0" encoding="UTF-8"?>
<!DOCTYPE plist PUBLIC "-//Apple//DTD PLIST 1.0//EN" "http://www.apple.com/DTDs/PropertyList-1.0.dtd">
<plist version="1.0">
<dict>
	<key>archiveVersion</key>
	<string>1</string>
	<key>classes</key>
	<dict/>
	<key>objectVersion</key>
	<string>46</string>
	<key>objects</key>
	<dict>
		<key>1DAF1B3266E4A6EF7DBF20DC</key>
		<dict>
			<key>includeInIndex</key>
			<string>1</string>
			<key>isa</key>
			<string>PBXFileReference</string>
			<key>lastKnownFileType</key>
			<string>text.xcconfig</string>
			<key>name</key>
			<string>Pods-DisplayCase.debug.xcconfig</string>
			<key>path</key>
			<string>Pods/Target Support Files/Pods-DisplayCase/Pods-DisplayCase.debug.xcconfig</string>
			<key>sourceTree</key>
			<string>&lt;group&gt;</string>
		</dict>
		<key>25BA10568D8EB3A3C5FE961D</key>
		<dict>
			<key>explicitFileType</key>
			<string>wrapper.framework</string>
			<key>includeInIndex</key>
			<string>0</string>
			<key>isa</key>
			<string>PBXFileReference</string>
			<key>path</key>
			<string>Pods.framework</string>
			<key>sourceTree</key>
			<string>BUILT_PRODUCTS_DIR</string>
		</dict>
		<key>264DD0209793F8AE35308512</key>
		<dict>
			<key>children</key>
			<array>
				<string>36F4CB6C1CF0AD3600046C56</string>
				<string>36F4CB6D1CF0AD3600046C56</string>
				<string>36F4CB6E1CF0AD3600046C56</string>
				<string>25BA10568D8EB3A3C5FE961D</string>
				<string>E85FB85CF4087A737C9E06ED</string>
			</array>
			<key>isa</key>
			<string>PBXGroup</string>
			<key>name</key>
			<string>Frameworks</string>
			<key>sourceTree</key>
			<string>&lt;group&gt;</string>
		</dict>
		<key>3677035C1CEFE275004F4726</key>
		<dict>
			<key>children</key>
			<array>
				<string>367703671CEFE275004F4726</string>
				<string>367703661CEFE275004F4726</string>
				<string>8D2E96B8AEC0B33ADF82B295</string>
				<string>264DD0209793F8AE35308512</string>
			</array>
			<key>isa</key>
			<string>PBXGroup</string>
			<key>sourceTree</key>
			<string>&lt;group&gt;</string>
		</dict>
		<key>3677035D1CEFE275004F4726</key>
		<dict>
			<key>attributes</key>
			<dict>
				<key>LastSwiftUpdateCheck</key>
				<string>0730</string>
				<key>LastUpgradeCheck</key>
				<string>0730</string>
				<key>ORGANIZATIONNAME</key>
				<string>Kashish Goel</string>
				<key>TargetAttributes</key>
				<dict>
					<key>367703641CEFE275004F4726</key>
					<dict>
						<key>CreatedOnToolsVersion</key>
						<string>7.3.1</string>
					</dict>
				</dict>
			</dict>
			<key>buildConfigurationList</key>
			<string>367703601CEFE275004F4726</string>
			<key>compatibilityVersion</key>
			<string>Xcode 3.2</string>
			<key>developmentRegion</key>
			<string>English</string>
			<key>hasScannedForEncodings</key>
			<string>0</string>
			<key>isa</key>
			<string>PBXProject</string>
			<key>knownRegions</key>
			<array>
				<string>en</string>
				<string>Base</string>
			</array>
			<key>mainGroup</key>
			<string>3677035C1CEFE275004F4726</string>
			<key>productRefGroup</key>
			<string>367703661CEFE275004F4726</string>
			<key>projectDirPath</key>
			<string></string>
			<key>projectReferences</key>
			<array/>
			<key>projectRoot</key>
			<string></string>
			<key>targets</key>
			<array>
				<string>367703641CEFE275004F4726</string>
			</array>
		</dict>
		<key>367703601CEFE275004F4726</key>
		<dict>
			<key>buildConfigurations</key>
			<array>
				<string>367703781CEFE275004F4726</string>
				<string>367703791CEFE275004F4726</string>
			</array>
			<key>defaultConfigurationIsVisible</key>
			<string>0</string>
			<key>defaultConfigurationName</key>
			<string>Release</string>
			<key>isa</key>
			<string>XCConfigurationList</string>
		</dict>
		<key>367703611CEFE275004F4726</key>
		<dict>
			<key>buildActionMask</key>
			<string>2147483647</string>
			<key>files</key>
			<array>
				<string>367703711CEFE275004F4726</string>
				<string>36F4CB6A1CEFF1A300046C56</string>
				<string>36F4CB731CF0D66200046C56</string>
				<string>3677036B1CEFE275004F4726</string>
				<string>36D516381CF3D309000F8BB1</string>
				<string>36D5163A1CF3D46C000F8BB1</string>
				<string>367703691CEFE275004F4726</string>
				<string>36F4CB681CEFF11E00046C56</string>
				<string>36F4CB751CF0DB1900046C56</string>
			</array>
			<key>isa</key>
			<string>PBXSourcesBuildPhase</string>
			<key>runOnlyForDeploymentPostprocessing</key>
			<string>0</string>
		</dict>
		<key>367703621CEFE275004F4726</key>
		<dict>
			<key>buildActionMask</key>
			<string>2147483647</string>
			<key>files</key>
			<array>
				<string>36F4CB711CF0AD3600046C56</string>
				<string>36F4CB6F1CF0AD3600046C56</string>
				<string>36F4CB701CF0AD3600046C56</string>
				<string>AB5A4C00DBA88FB7FB71F4A8</string>
				<string>803953793929FC9EEB5E6304</string>
			</array>
			<key>isa</key>
			<string>PBXFrameworksBuildPhase</string>
			<key>runOnlyForDeploymentPostprocessing</key>
			<string>0</string>
		</dict>
		<key>367703631CEFE275004F4726</key>
		<dict>
			<key>buildActionMask</key>
			<string>2147483647</string>
			<key>files</key>
			<array>
				<string>367703851CEFED1D004F4726</string>
				<string>367703761CEFE275004F4726</string>
				<string>3677037E1CEFE371004F4726</string>
				<string>367703731CEFE275004F4726</string>
				<string>367703871CEFED1D004F4726</string>
				<string>367703861CEFED1D004F4726</string>
				<string>367703841CEFED1D004F4726</string>
				<string>3677036E1CEFE275004F4726</string>
			</array>
			<key>isa</key>
			<string>PBXResourcesBuildPhase</string>
			<key>runOnlyForDeploymentPostprocessing</key>
			<string>0</string>
		</dict>
		<key>367703641CEFE275004F4726</key>
		<dict>
			<key>buildConfigurationList</key>
			<string>3677037A1CEFE275004F4726</string>
			<key>buildPhases</key>
			<array>
				<string>F680516CB3A56FF1D6F3649A</string>
				<string>367703611CEFE275004F4726</string>
				<string>367703621CEFE275004F4726</string>
				<string>367703631CEFE275004F4726</string>
				<string>AEBD5494D54906BB2647DB21</string>
				<string>A2C8AF80F10C336077E32262</string>
			</array>
			<key>buildRules</key>
			<array/>
			<key>dependencies</key>
			<array/>
			<key>isa</key>
			<string>PBXNativeTarget</string>
			<key>name</key>
			<string>DisplayCase</string>
			<key>productName</key>
			<string>DisplayCase</string>
			<key>productReference</key>
			<string>367703651CEFE275004F4726</string>
			<key>productType</key>
			<string>com.apple.product-type.application</string>
		</dict>
		<key>367703651CEFE275004F4726</key>
		<dict>
			<key>explicitFileType</key>
			<string>wrapper.application</string>
			<key>includeInIndex</key>
			<string>0</string>
			<key>isa</key>
			<string>PBXFileReference</string>
			<key>path</key>
			<string>DisplayCase.app</string>
			<key>sourceTree</key>
			<string>BUILT_PRODUCTS_DIR</string>
		</dict>
		<key>367703661CEFE275004F4726</key>
		<dict>
			<key>children</key>
			<array>
				<string>367703651CEFE275004F4726</string>
			</array>
			<key>isa</key>
			<string>PBXGroup</string>
			<key>name</key>
			<string>Products</string>
			<key>sourceTree</key>
			<string>&lt;group&gt;</string>
		</dict>
		<key>367703671CEFE275004F4726</key>
		<dict>
			<key>children</key>
			<array>
				<string>367703681CEFE275004F4726</string>
				<string>36D516361CF3D2E5000F8BB1</string>
				<string>36F4CB6B1CEFF1B000046C56</string>
				<string>3677036C1CEFE275004F4726</string>
				<string>367703721CEFE275004F4726</string>
				<string>3677037F1CEFECFF004F4726</string>
				<string>367703741CEFE275004F4726</string>
				<string>367703771CEFE275004F4726</string>
				<string>3677037D1CEFE371004F4726</string>
				<string>3677036F1CEFE275004F4726</string>
			</array>
			<key>isa</key>
			<string>PBXGroup</string>
			<key>path</key>
			<string>DisplayCase</string>
			<key>sourceTree</key>
			<string>&lt;group&gt;</string>
		</dict>
		<key>367703681CEFE275004F4726</key>
		<dict>
			<key>isa</key>
			<string>PBXFileReference</string>
			<key>lastKnownFileType</key>
			<string>sourcecode.swift</string>
			<key>path</key>
			<string>AppDelegate.swift</string>
			<key>sourceTree</key>
			<string>&lt;group&gt;</string>
		</dict>
		<key>367703691CEFE275004F4726</key>
		<dict>
			<key>fileRef</key>
			<string>367703681CEFE275004F4726</string>
			<key>isa</key>
			<string>PBXBuildFile</string>
		</dict>
		<key>3677036A1CEFE275004F4726</key>
		<dict>
			<key>isa</key>
			<string>PBXFileReference</string>
			<key>lastKnownFileType</key>
			<string>sourcecode.swift</string>
			<key>path</key>
			<string>ViewController.swift</string>
			<key>sourceTree</key>
			<string>&lt;group&gt;</string>
		</dict>
		<key>3677036B1CEFE275004F4726</key>
		<dict>
			<key>fileRef</key>
			<string>3677036A1CEFE275004F4726</string>
			<key>isa</key>
			<string>PBXBuildFile</string>
		</dict>
		<key>3677036C1CEFE275004F4726</key>
		<dict>
			<key>children</key>
			<array>
				<string>3677036D1CEFE275004F4726</string>
			</array>
			<key>isa</key>
			<string>PBXVariantGroup</string>
			<key>name</key>
			<string>Main.storyboard</string>
			<key>sourceTree</key>
			<string>&lt;group&gt;</string>
		</dict>
		<key>3677036D1CEFE275004F4726</key>
		<dict>
			<key>isa</key>
			<string>PBXFileReference</string>
			<key>lastKnownFileType</key>
			<string>file.storyboard</string>
			<key>name</key>
			<string>Base</string>
			<key>path</key>
			<string>Base.lproj/Main.storyboard</string>
			<key>sourceTree</key>
			<string>&lt;group&gt;</string>
		</dict>
		<key>3677036E1CEFE275004F4726</key>
		<dict>
			<key>fileRef</key>
			<string>3677036C1CEFE275004F4726</string>
			<key>isa</key>
			<string>PBXBuildFile</string>
		</dict>
		<key>3677036F1CEFE275004F4726</key>
		<dict>
			<key>children</key>
			<array>
				<string>367703701CEFE275004F4726</string>
			</array>
			<key>currentVersion</key>
			<string>367703701CEFE275004F4726</string>
			<key>isa</key>
			<string>XCVersionGroup</string>
			<key>path</key>
			<string>DisplayCase.xcdatamodeld</string>
			<key>sourceTree</key>
			<string>&lt;group&gt;</string>
			<key>versionGroupType</key>
			<string>wrapper.xcdatamodel</string>
		</dict>
		<key>367703701CEFE275004F4726</key>
		<dict>
			<key>isa</key>
			<string>PBXFileReference</string>
			<key>lastKnownFileType</key>
			<string>wrapper.xcdatamodel</string>
			<key>path</key>
			<string>DisplayCase.xcdatamodel</string>
			<key>sourceTree</key>
			<string>&lt;group&gt;</string>
		</dict>
		<key>367703711CEFE275004F4726</key>
		<dict>
			<key>fileRef</key>
			<string>3677036F1CEFE275004F4726</string>
			<key>isa</key>
			<string>PBXBuildFile</string>
		</dict>
		<key>367703721CEFE275004F4726</key>
		<dict>
			<key>isa</key>
			<string>PBXFileReference</string>
			<key>lastKnownFileType</key>
			<string>folder.assetcatalog</string>
			<key>path</key>
			<string>Assets.xcassets</string>
			<key>sourceTree</key>
			<string>&lt;group&gt;</string>
		</dict>
		<key>367703731CEFE275004F4726</key>
		<dict>
			<key>fileRef</key>
			<string>367703721CEFE275004F4726</string>
			<key>isa</key>
			<string>PBXBuildFile</string>
		</dict>
		<key>367703741CEFE275004F4726</key>
		<dict>
			<key>children</key>
			<array>
				<string>367703751CEFE275004F4726</string>
			</array>
			<key>isa</key>
			<string>PBXVariantGroup</string>
			<key>name</key>
			<string>LaunchScreen.storyboard</string>
			<key>sourceTree</key>
			<string>&lt;group&gt;</string>
		</dict>
		<key>367703751CEFE275004F4726</key>
		<dict>
			<key>isa</key>
			<string>PBXFileReference</string>
			<key>lastKnownFileType</key>
			<string>file.storyboard</string>
			<key>name</key>
			<string>Base</string>
			<key>path</key>
			<string>Base.lproj/LaunchScreen.storyboard</string>
			<key>sourceTree</key>
			<string>&lt;group&gt;</string>
		</dict>
		<key>367703761CEFE275004F4726</key>
		<dict>
			<key>fileRef</key>
			<string>367703741CEFE275004F4726</string>
			<key>isa</key>
			<string>PBXBuildFile</string>
		</dict>
		<key>367703771CEFE275004F4726</key>
		<dict>
			<key>isa</key>
			<string>PBXFileReference</string>
			<key>lastKnownFileType</key>
			<string>text.plist.xml</string>
			<key>path</key>
			<string>Info.plist</string>
			<key>sourceTree</key>
			<string>&lt;group&gt;</string>
		</dict>
		<key>367703781CEFE275004F4726</key>
		<dict>
			<key>buildSettings</key>
			<dict>
				<key>ALWAYS_SEARCH_USER_PATHS</key>
				<string>NO</string>
				<key>CLANG_ANALYZER_NONNULL</key>
				<string>YES</string>
				<key>CLANG_CXX_LANGUAGE_STANDARD</key>
				<string>gnu++0x</string>
				<key>CLANG_CXX_LIBRARY</key>
				<string>libc++</string>
				<key>CLANG_ENABLE_MODULES</key>
				<string>YES</string>
				<key>CLANG_ENABLE_OBJC_ARC</key>
				<string>YES</string>
				<key>CLANG_WARN_BOOL_CONVERSION</key>
				<string>YES</string>
				<key>CLANG_WARN_CONSTANT_CONVERSION</key>
				<string>YES</string>
				<key>CLANG_WARN_DIRECT_OBJC_ISA_USAGE</key>
				<string>YES_ERROR</string>
				<key>CLANG_WARN_EMPTY_BODY</key>
				<string>YES</string>
				<key>CLANG_WARN_ENUM_CONVERSION</key>
				<string>YES</string>
				<key>CLANG_WARN_INT_CONVERSION</key>
				<string>YES</string>
				<key>CLANG_WARN_OBJC_ROOT_CLASS</key>
				<string>YES_ERROR</string>
				<key>CLANG_WARN_UNREACHABLE_CODE</key>
				<string>YES</string>
				<key>CLANG_WARN__DUPLICATE_METHOD_MATCH</key>
				<string>YES</string>
				<key>CODE_SIGN_IDENTITY[sdk=iphoneos*]</key>
				<string>iPhone Developer</string>
				<key>COPY_PHASE_STRIP</key>
				<string>NO</string>
				<key>DEBUG_INFORMATION_FORMAT</key>
				<string>dwarf</string>
				<key>ENABLE_STRICT_OBJC_MSGSEND</key>
				<string>YES</string>
				<key>ENABLE_TESTABILITY</key>
				<string>YES</string>
				<key>GCC_C_LANGUAGE_STANDARD</key>
				<string>gnu99</string>
				<key>GCC_DYNAMIC_NO_PIC</key>
				<string>NO</string>
				<key>GCC_NO_COMMON_BLOCKS</key>
				<string>YES</string>
				<key>GCC_OPTIMIZATION_LEVEL</key>
				<string>0</string>
				<key>GCC_PREPROCESSOR_DEFINITIONS</key>
				<array>
					<string>DEBUG=1</string>
					<string>$(inherited)</string>
				</array>
				<key>GCC_WARN_64_TO_32_BIT_CONVERSION</key>
				<string>YES</string>
				<key>GCC_WARN_ABOUT_RETURN_TYPE</key>
				<string>YES_ERROR</string>
				<key>GCC_WARN_UNDECLARED_SELECTOR</key>
				<string>YES</string>
				<key>GCC_WARN_UNINITIALIZED_AUTOS</key>
				<string>YES_AGGRESSIVE</string>
				<key>GCC_WARN_UNUSED_FUNCTION</key>
				<string>YES</string>
				<key>GCC_WARN_UNUSED_VARIABLE</key>
				<string>YES</string>
				<key>IPHONEOS_DEPLOYMENT_TARGET</key>
				<string>9.3</string>
				<key>MTL_ENABLE_DEBUG_INFO</key>
				<string>YES</string>
				<key>ONLY_ACTIVE_ARCH</key>
				<string>YES</string>
				<key>SDKROOT</key>
				<string>iphoneos</string>
				<key>SWIFT_OPTIMIZATION_LEVEL</key>
				<string>-Onone</string>
				<key>TARGETED_DEVICE_FAMILY</key>
				<string>1,2</string>
			</dict>
			<key>isa</key>
			<string>XCBuildConfiguration</string>
			<key>name</key>
			<string>Debug</string>
		</dict>
		<key>367703791CEFE275004F4726</key>
		<dict>
			<key>buildSettings</key>
			<dict>
				<key>ALWAYS_SEARCH_USER_PATHS</key>
				<string>NO</string>
				<key>CLANG_ANALYZER_NONNULL</key>
				<string>YES</string>
				<key>CLANG_CXX_LANGUAGE_STANDARD</key>
				<string>gnu++0x</string>
				<key>CLANG_CXX_LIBRARY</key>
				<string>libc++</string>
				<key>CLANG_ENABLE_MODULES</key>
				<string>YES</string>
				<key>CLANG_ENABLE_OBJC_ARC</key>
				<string>YES</string>
				<key>CLANG_WARN_BOOL_CONVERSION</key>
				<string>YES</string>
				<key>CLANG_WARN_CONSTANT_CONVERSION</key>
				<string>YES</string>
				<key>CLANG_WARN_DIRECT_OBJC_ISA_USAGE</key>
				<string>YES_ERROR</string>
				<key>CLANG_WARN_EMPTY_BODY</key>
				<string>YES</string>
				<key>CLANG_WARN_ENUM_CONVERSION</key>
				<string>YES</string>
				<key>CLANG_WARN_INT_CONVERSION</key>
				<string>YES</string>
				<key>CLANG_WARN_OBJC_ROOT_CLASS</key>
				<string>YES_ERROR</string>
				<key>CLANG_WARN_UNREACHABLE_CODE</key>
				<string>YES</string>
				<key>CLANG_WARN__DUPLICATE_METHOD_MATCH</key>
				<string>YES</string>
				<key>CODE_SIGN_IDENTITY[sdk=iphoneos*]</key>
				<string>iPhone Developer</string>
				<key>COPY_PHASE_STRIP</key>
				<string>NO</string>
				<key>DEBUG_INFORMATION_FORMAT</key>
				<string>dwarf-with-dsym</string>
				<key>ENABLE_NS_ASSERTIONS</key>
				<string>NO</string>
				<key>ENABLE_STRICT_OBJC_MSGSEND</key>
				<string>YES</string>
				<key>GCC_C_LANGUAGE_STANDARD</key>
				<string>gnu99</string>
				<key>GCC_NO_COMMON_BLOCKS</key>
				<string>YES</string>
				<key>GCC_WARN_64_TO_32_BIT_CONVERSION</key>
				<string>YES</string>
				<key>GCC_WARN_ABOUT_RETURN_TYPE</key>
				<string>YES_ERROR</string>
				<key>GCC_WARN_UNDECLARED_SELECTOR</key>
				<string>YES</string>
				<key>GCC_WARN_UNINITIALIZED_AUTOS</key>
				<string>YES_AGGRESSIVE</string>
				<key>GCC_WARN_UNUSED_FUNCTION</key>
				<string>YES</string>
				<key>GCC_WARN_UNUSED_VARIABLE</key>
				<string>YES</string>
				<key>IPHONEOS_DEPLOYMENT_TARGET</key>
				<string>9.3</string>
				<key>MTL_ENABLE_DEBUG_INFO</key>
				<string>NO</string>
				<key>SDKROOT</key>
				<string>iphoneos</string>
				<key>TARGETED_DEVICE_FAMILY</key>
				<string>1,2</string>
				<key>VALIDATE_PRODUCT</key>
				<string>YES</string>
			</dict>
			<key>isa</key>
			<string>XCBuildConfiguration</string>
			<key>name</key>
			<string>Release</string>
		</dict>
		<key>3677037A1CEFE275004F4726</key>
		<dict>
			<key>buildConfigurations</key>
			<array>
				<string>3677037B1CEFE275004F4726</string>
				<string>3677037C1CEFE275004F4726</string>
			</array>
			<key>defaultConfigurationIsVisible</key>
			<string>0</string>
			<key>defaultConfigurationName</key>
			<string>Release</string>
			<key>isa</key>
			<string>XCConfigurationList</string>
		</dict>
		<key>3677037B1CEFE275004F4726</key>
		<dict>
			<key>baseConfigurationReference</key>
			<string>1DAF1B3266E4A6EF7DBF20DC</string>
			<key>buildSettings</key>
			<dict>
				<key>ASSETCATALOG_COMPILER_APPICON_NAME</key>
				<string>AppIcon</string>
				<key>FRAMEWORK_SEARCH_PATHS</key>
				<array>
					<string>$(inherited)</string>
					<string>$(PROJECT_DIR)</string>
				</array>
				<key>INFOPLIST_FILE</key>
				<string>DisplayCase/Info.plist</string>
				<key>LD_RUNPATH_SEARCH_PATHS</key>
				<string>$(inherited) @executable_path/Frameworks</string>
				<key>PRODUCT_BUNDLE_IDENTIFIER</key>
				<string>KashishGoel.DisplayCase</string>
				<key>PRODUCT_NAME</key>
				<string>$(TARGET_NAME)</string>
			</dict>
			<key>isa</key>
			<string>XCBuildConfiguration</string>
			<key>name</key>
			<string>Debug</string>
		</dict>
		<key>3677037C1CEFE275004F4726</key>
		<dict>
			<key>baseConfigurationReference</key>
			<string>65FDBE6E84AFB67403579C0A</string>
			<key>buildSettings</key>
			<dict>
				<key>ASSETCATALOG_COMPILER_APPICON_NAME</key>
				<string>AppIcon</string>
				<key>FRAMEWORK_SEARCH_PATHS</key>
				<array>
					<string>$(inherited)</string>
					<string>$(PROJECT_DIR)</string>
				</array>
				<key>INFOPLIST_FILE</key>
				<string>DisplayCase/Info.plist</string>
				<key>LD_RUNPATH_SEARCH_PATHS</key>
				<string>$(inherited) @executable_path/Frameworks</string>
				<key>PRODUCT_BUNDLE_IDENTIFIER</key>
				<string>KashishGoel.DisplayCase</string>
				<key>PRODUCT_NAME</key>
				<string>$(TARGET_NAME)</string>
			</dict>
			<key>isa</key>
			<string>XCBuildConfiguration</string>
			<key>name</key>
			<string>Release</string>
		</dict>
		<key>3677037D1CEFE371004F4726</key>
		<dict>
			<key>fileEncoding</key>
			<string>4</string>
			<key>isa</key>
			<string>PBXFileReference</string>
			<key>lastKnownFileType</key>
			<string>text.plist.xml</string>
			<key>path</key>
			<string>GoogleService-Info.plist</string>
			<key>sourceTree</key>
			<string>&lt;group&gt;</string>
		</dict>
		<key>3677037E1CEFE371004F4726</key>
		<dict>
			<key>fileRef</key>
			<string>3677037D1CEFE371004F4726</string>
			<key>isa</key>
			<string>PBXBuildFile</string>
		</dict>
		<key>3677037F1CEFECFF004F4726</key>
		<dict>
			<key>children</key>
			<array>
				<string>367703801CEFED1D004F4726</string>
				<string>367703811CEFED1D004F4726</string>
				<string>367703821CEFED1D004F4726</string>
				<string>367703831CEFED1D004F4726</string>
			</array>
			<key>isa</key>
			<string>PBXGroup</string>
			<key>name</key>
			<string>Fonts</string>
			<key>sourceTree</key>
			<string>&lt;group&gt;</string>
		</dict>
		<key>367703801CEFED1D004F4726</key>
		<dict>
			<key>isa</key>
			<string>PBXFileReference</string>
			<key>lastKnownFileType</key>
			<string>file</string>
			<key>path</key>
			<string>NotoSans-Bold.ttf</string>
			<key>sourceTree</key>
			<string>&lt;group&gt;</string>
		</dict>
		<key>367703811CEFED1D004F4726</key>
		<dict>
			<key>isa</key>
			<string>PBXFileReference</string>
			<key>lastKnownFileType</key>
			<string>file</string>
			<key>path</key>
			<string>NotoSans-BoldItalic.ttf</string>
			<key>sourceTree</key>
			<string>&lt;group&gt;</string>
		</dict>
		<key>367703821CEFED1D004F4726</key>
		<dict>
			<key>isa</key>
			<string>PBXFileReference</string>
			<key>lastKnownFileType</key>
			<string>file</string>
			<key>path</key>
			<string>NotoSans-Italic.ttf</string>
			<key>sourceTree</key>
			<string>&lt;group&gt;</string>
		</dict>
		<key>367703831CEFED1D004F4726</key>
		<dict>
			<key>isa</key>
			<string>PBXFileReference</string>
			<key>lastKnownFileType</key>
			<string>file</string>
			<key>path</key>
			<string>NotoSans-Regular.ttf</string>
			<key>sourceTree</key>
			<string>&lt;group&gt;</string>
		</dict>
		<key>367703841CEFED1D004F4726</key>
		<dict>
			<key>fileRef</key>
			<string>367703801CEFED1D004F4726</string>
			<key>isa</key>
			<string>PBXBuildFile</string>
		</dict>
		<key>367703851CEFED1D004F4726</key>
		<dict>
			<key>fileRef</key>
			<string>367703811CEFED1D004F4726</string>
			<key>isa</key>
			<string>PBXBuildFile</string>
		</dict>
		<key>367703861CEFED1D004F4726</key>
		<dict>
			<key>fileRef</key>
			<string>367703821CEFED1D004F4726</string>
			<key>isa</key>
			<string>PBXBuildFile</string>
		</dict>
		<key>367703871CEFED1D004F4726</key>
		<dict>
			<key>fileRef</key>
			<string>367703831CEFED1D004F4726</string>
			<key>isa</key>
			<string>PBXBuildFile</string>
		</dict>
		<key>36D516361CF3D2E5000F8BB1</key>
		<dict>
			<key>children</key>
			<array>
				<string>3677036A1CEFE275004F4726</string>
				<string>36D516371CF3D309000F8BB1</string>
			</array>
			<key>isa</key>
			<string>PBXGroup</string>
			<key>name</key>
			<string>ViewControllers</string>
			<key>sourceTree</key>
			<string>&lt;group&gt;</string>
		</dict>
		<key>36D516371CF3D309000F8BB1</key>
		<dict>
			<key>fileEncoding</key>
			<string>4</string>
			<key>isa</key>
			<string>PBXFileReference</string>
			<key>lastKnownFileType</key>
			<string>sourcecode.swift</string>
			<key>path</key>
			<string>FeedVC.swift</string>
			<key>sourceTree</key>
			<string>&lt;group&gt;</string>
		</dict>
		<key>36D516381CF3D309000F8BB1</key>
		<dict>
			<key>fileRef</key>
			<string>36D516371CF3D309000F8BB1</string>
			<key>isa</key>
			<string>PBXBuildFile</string>
		</dict>
		<key>36D516391CF3D46C000F8BB1</key>
		<dict>
			<key>fileEncoding</key>
			<string>4</string>
			<key>isa</key>
			<string>PBXFileReference</string>
			<key>lastKnownFileType</key>
			<string>sourcecode.swift</string>
			<key>path</key>
			<string>PostCell.swift</string>
			<key>sourceTree</key>
			<string>&lt;group&gt;</string>
		</dict>
		<key>36D5163A1CF3D46C000F8BB1</key>
		<dict>
			<key>fileRef</key>
			<string>36D516391CF3D46C000F8BB1</string>
			<key>isa</key>
			<string>PBXBuildFile</string>
		</dict>
		<key>36F4CB671CEFF11E00046C56</key>
		<dict>
			<key>fileEncoding</key>
			<string>4</string>
			<key>isa</key>
			<string>PBXFileReference</string>
			<key>lastKnownFileType</key>
			<string>sourcecode.swift</string>
			<key>path</key>
			<string>MaterialView.swift</string>
			<key>sourceTree</key>
			<string>&lt;group&gt;</string>
		</dict>
		<key>36F4CB681CEFF11E00046C56</key>
		<dict>
			<key>fileRef</key>
			<string>36F4CB671CEFF11E00046C56</string>
			<key>isa</key>
			<string>PBXBuildFile</string>
		</dict>
		<key>36F4CB691CEFF1A300046C56</key>
		<dict>
			<key>fileEncoding</key>
			<string>4</string>
			<key>isa</key>
			<string>PBXFileReference</string>
			<key>lastKnownFileType</key>
			<string>sourcecode.swift</string>
			<key>path</key>
			<string>Constants.swift</string>
			<key>sourceTree</key>
			<string>&lt;group&gt;</string>
		</dict>
		<key>36F4CB6A1CEFF1A300046C56</key>
		<dict>
			<key>fileRef</key>
			<string>36F4CB691CEFF1A300046C56</string>
			<key>isa</key>
			<string>PBXBuildFile</string>
		</dict>
		<key>36F4CB6B1CEFF1B000046C56</key>
		<dict>
			<key>children</key>
			<array>
				<string>36F4CB671CEFF11E00046C56</string>
				<string>36F4CB741CF0DB1900046C56</string>
				<string>36F4CB721CF0D66200046C56</string>
				<string>36F4CB691CEFF1A300046C56</string>
				<string>36D516391CF3D46C000F8BB1</string>
			</array>
			<key>isa</key>
			<string>PBXGroup</string>
			<key>name</key>
			<string>Helpers</string>
			<key>sourceTree</key>
			<string>&lt;group&gt;</string>
		</dict>
		<key>36F4CB6C1CF0AD3600046C56</key>
		<dict>
			<key>isa</key>
			<string>PBXFileReference</string>
			<key>lastKnownFileType</key>
			<string>wrapper.framework</string>
			<key>path</key>
			<string>FBSDKCoreKit.framework</string>
			<key>sourceTree</key>
			<string>&lt;group&gt;</string>
		</dict>
		<key>36F4CB6D1CF0AD3600046C56</key>
		<dict>
			<key>isa</key>
			<string>PBXFileReference</string>
			<key>lastKnownFileType</key>
			<string>wrapper.framework</string>
			<key>path</key>
			<string>FBSDKLoginKit.framework</string>
			<key>sourceTree</key>
			<string>&lt;group&gt;</string>
		</dict>
		<key>36F4CB6E1CF0AD3600046C56</key>
		<dict>
			<key>isa</key>
			<string>PBXFileReference</string>
			<key>lastKnownFileType</key>
			<string>wrapper.framework</string>
			<key>path</key>
			<string>FBSDKShareKit.framework</string>
			<key>sourceTree</key>
			<string>&lt;group&gt;</string>
		</dict>
		<key>36F4CB6F1CF0AD3600046C56</key>
		<dict>
			<key>fileRef</key>
			<string>36F4CB6C1CF0AD3600046C56</string>
			<key>isa</key>
			<string>PBXBuildFile</string>
		</dict>
		<key>36F4CB701CF0AD3600046C56</key>
		<dict>
			<key>fileRef</key>
			<string>36F4CB6D1CF0AD3600046C56</string>
			<key>isa</key>
			<string>PBXBuildFile</string>
		</dict>
		<key>36F4CB711CF0AD3600046C56</key>
		<dict>
			<key>fileRef</key>
			<string>36F4CB6E1CF0AD3600046C56</string>
			<key>isa</key>
			<string>PBXBuildFile</string>
		</dict>
		<key>36F4CB721CF0D66200046C56</key>
		<dict>
			<key>fileEncoding</key>
			<string>4</string>
			<key>isa</key>
			<string>PBXFileReference</string>
			<key>lastKnownFileType</key>
			<string>sourcecode.swift</string>
			<key>path</key>
			<string>MaterialButton.swift</string>
			<key>sourceTree</key>
			<string>&lt;group&gt;</string>
		</dict>
		<key>36F4CB731CF0D66200046C56</key>
		<dict>
			<key>fileRef</key>
			<string>36F4CB721CF0D66200046C56</string>
			<key>isa</key>
			<string>PBXBuildFile</string>
		</dict>
		<key>36F4CB741CF0DB1900046C56</key>
		<dict>
			<key>fileEncoding</key>
			<string>4</string>
			<key>isa</key>
			<string>PBXFileReference</string>
			<key>lastKnownFileType</key>
			<string>sourcecode.swift</string>
			<key>path</key>
			<string>MaterialTextField.swift</string>
			<key>sourceTree</key>
			<string>&lt;group&gt;</string>
		</dict>
		<key>36F4CB751CF0DB1900046C56</key>
		<dict>
			<key>fileRef</key>
			<string>36F4CB741CF0DB1900046C56</string>
			<key>isa</key>
			<string>PBXBuildFile</string>
		</dict>
		<key>65FDBE6E84AFB67403579C0A</key>
		<dict>
			<key>includeInIndex</key>
			<string>1</string>
			<key>isa</key>
			<string>PBXFileReference</string>
			<key>lastKnownFileType</key>
			<string>text.xcconfig</string>
			<key>name</key>
			<string>Pods-DisplayCase.release.xcconfig</string>
			<key>path</key>
			<string>Pods/Target Support Files/Pods-DisplayCase/Pods-DisplayCase.release.xcconfig</string>
			<key>sourceTree</key>
			<string>&lt;group&gt;</string>
		</dict>
		<key>803953793929FC9EEB5E6304</key>
		<dict>
			<key>fileRef</key>
			<string>E85FB85CF4087A737C9E06ED</string>
			<key>isa</key>
			<string>PBXBuildFile</string>
		</dict>
		<key>8D2E96B8AEC0B33ADF82B295</key>
		<dict>
			<key>children</key>
			<array>
				<string>1DAF1B3266E4A6EF7DBF20DC</string>
				<string>65FDBE6E84AFB67403579C0A</string>
			</array>
			<key>isa</key>
			<string>PBXGroup</string>
			<key>name</key>
			<string>Pods</string>
			<key>sourceTree</key>
			<string>&lt;group&gt;</string>
		</dict>
		<key>A2C8AF80F10C336077E32262</key>
		<dict>
			<key>buildActionMask</key>
			<string>2147483647</string>
			<key>files</key>
			<array/>
			<key>inputPaths</key>
			<array/>
			<key>isa</key>
			<string>PBXShellScriptBuildPhase</string>
			<key>name</key>
			<string>Copy Pods Resources</string>
			<key>outputPaths</key>
			<array/>
			<key>runOnlyForDeploymentPostprocessing</key>
			<string>0</string>
			<key>shellPath</key>
			<string>/bin/sh</string>
			<key>shellScript</key>
			<string>"${SRCROOT}/Pods/Target Support Files/Pods-DisplayCase/Pods-DisplayCase-resources.sh"
</string>
			<key>showEnvVarsInLog</key>
			<string>0</string>
		</dict>
		<key>AB5A4C00DBA88FB7FB71F4A8</key>
		<dict>
			<key>fileRef</key>
			<string>25BA10568D8EB3A3C5FE961D</string>
			<key>isa</key>
			<string>PBXBuildFile</string>
		</dict>
		<key>AEBD5494D54906BB2647DB21</key>
		<dict>
			<key>buildActionMask</key>
			<string>2147483647</string>
			<key>files</key>
			<array/>
			<key>inputPaths</key>
			<array/>
			<key>isa</key>
			<string>PBXShellScriptBuildPhase</string>
			<key>name</key>
			<string>Embed Pods Frameworks</string>
			<key>outputPaths</key>
			<array/>
			<key>runOnlyForDeploymentPostprocessing</key>
			<string>0</string>
			<key>shellPath</key>
			<string>/bin/sh</string>
			<key>shellScript</key>
			<string>"${SRCROOT}/Pods/Target Support Files/Pods-DisplayCase/Pods-DisplayCase-frameworks.sh"
</string>
			<key>showEnvVarsInLog</key>
			<string>0</string>
		</dict>
		<key>E85FB85CF4087A737C9E06ED</key>
		<dict>
			<key>explicitFileType</key>
			<string>wrapper.framework</string>
			<key>includeInIndex</key>
			<string>0</string>
			<key>isa</key>
			<string>PBXFileReference</string>
			<key>path</key>
			<string>Pods_DisplayCase.framework</string>
			<key>sourceTree</key>
			<string>BUILT_PRODUCTS_DIR</string>
		</dict>
		<key>F680516CB3A56FF1D6F3649A</key>
		<dict>
			<key>buildActionMask</key>
			<string>2147483647</string>
			<key>files</key>
			<array/>
			<key>inputPaths</key>
			<array/>
			<key>isa</key>
			<string>PBXShellScriptBuildPhase</string>
			<key>name</key>
			<string>Check Pods Manifest.lock</string>
			<key>outputPaths</key>
			<array/>
			<key>runOnlyForDeploymentPostprocessing</key>
			<string>0</string>
			<key>shellPath</key>
			<string>/bin/sh</string>
			<key>shellScript</key>
			<string>diff "${PODS_ROOT}/../Podfile.lock" "${PODS_ROOT}/Manifest.lock" &gt; /dev/null
if [[ $? != 0 ]] ; then
    cat &lt;&lt; EOM
error: The sandbox is not in sync with the Podfile.lock. Run 'pod install' or update your CocoaPods installation.
EOM
    exit 1
fi
</string>
			<key>showEnvVarsInLog</key>
			<string>0</string>
		</dict>
	</dict>
	<key>rootObject</key>
	<string>3677035D1CEFE275004F4726</string>
</dict>
</plist>
